// !$*UTF8*$!
{
	archiveVersion = 1;
	classes = {
	};
	objectVersion = 56;
	objects = {

/* Begin PBXBuildFile section */
		585464212AC033DD0004A6F4 /* Styles.swift in Sources */ = {isa = PBXBuildFile; fileRef = 585464202AC033DD0004A6F4 /* Styles.swift */; };
		585464232AC03A780004A6F4 /* AccountView.swift in Sources */ = {isa = PBXBuildFile; fileRef = 585464222AC03A780004A6F4 /* AccountView.swift */; };
		586C96B42AC2940300701BEF /* HexagonView.swift in Sources */ = {isa = PBXBuildFile; fileRef = 586C96B32AC2940300701BEF /* HexagonView.swift */; };
		586C96B62AC29B0E00701BEF /* BlobView.swift in Sources */ = {isa = PBXBuildFile; fileRef = 586C96B52AC29B0E00701BEF /* BlobView.swift */; };
		586C96B82AC2B14D00701BEF /* TabBar.swift in Sources */ = {isa = PBXBuildFile; fileRef = 586C96B72AC2B14D00701BEF /* TabBar.swift */; };
		587FF7A02AC3E7D8003CDDB8 /* Tab.swift in Sources */ = {isa = PBXBuildFile; fileRef = 587FF79F2AC3E7D8003CDDB8 /* Tab.swift */; };
		58AEEBA12ABEDBBF00F879AE /* WordsAppApp.swift in Sources */ = {isa = PBXBuildFile; fileRef = 58AEEBA02ABEDBBF00F879AE /* WordsAppApp.swift */; };
		58AEEBA32ABEDBBF00F879AE /* ContentView.swift in Sources */ = {isa = PBXBuildFile; fileRef = 58AEEBA22ABEDBBF00F879AE /* ContentView.swift */; };
		58AEEBA52ABEDBBF00F879AE /* Assets.xcassets in Resources */ = {isa = PBXBuildFile; fileRef = 58AEEBA42ABEDBBF00F879AE /* Assets.xcassets */; };
		58AEEBA82ABEDBBF00F879AE /* Preview Assets.xcassets in Resources */ = {isa = PBXBuildFile; fileRef = 58AEEBA72ABEDBBF00F879AE /* Preview Assets.xcassets */; };
		58BCBAAD2AC423740009FBC7 /* NavigationBar.swift in Sources */ = {isa = PBXBuildFile; fileRef = 58BCBAAC2AC423740009FBC7 /* NavigationBar.swift */; };
		58BE75882AC407C20009F128 /* HomeView.swift in Sources */ = {isa = PBXBuildFile; fileRef = 58BE75872AC407C20009F128 /* HomeView.swift */; };
		58BE758F2AC4205C0009F128 /* FeaturedItem.swift in Sources */ = {isa = PBXBuildFile; fileRef = 58BE758E2AC4205C0009F128 /* FeaturedItem.swift */; };
/* End PBXBuildFile section */

/* Begin PBXFileReference section */
		585464202AC033DD0004A6F4 /* Styles.swift */ = {isa = PBXFileReference; lastKnownFileType = sourcecode.swift; path = Styles.swift; sourceTree = "<group>"; };
		585464222AC03A780004A6F4 /* AccountView.swift */ = {isa = PBXFileReference; lastKnownFileType = sourcecode.swift; path = AccountView.swift; sourceTree = "<group>"; };
		586C96B32AC2940300701BEF /* HexagonView.swift */ = {isa = PBXFileReference; lastKnownFileType = sourcecode.swift; path = HexagonView.swift; sourceTree = "<group>"; };
		586C96B52AC29B0E00701BEF /* BlobView.swift */ = {isa = PBXFileReference; lastKnownFileType = sourcecode.swift; path = BlobView.swift; sourceTree = "<group>"; };
		586C96B72AC2B14D00701BEF /* TabBar.swift */ = {isa = PBXFileReference; lastKnownFileType = sourcecode.swift; path = TabBar.swift; sourceTree = "<group>"; };
		587FF79F2AC3E7D8003CDDB8 /* Tab.swift */ = {isa = PBXFileReference; lastKnownFileType = sourcecode.swift; path = Tab.swift; sourceTree = "<group>"; };
		58AEEB9D2ABEDBBF00F879AE /* WordsApp.app */ = {isa = PBXFileReference; explicitFileType = wrapper.application; includeInIndex = 0; path = WordsApp.app; sourceTree = BUILT_PRODUCTS_DIR; };
		58AEEBA02ABEDBBF00F879AE /* WordsAppApp.swift */ = {isa = PBXFileReference; lastKnownFileType = sourcecode.swift; path = WordsAppApp.swift; sourceTree = "<group>"; };
		58AEEBA22ABEDBBF00F879AE /* ContentView.swift */ = {isa = PBXFileReference; lastKnownFileType = sourcecode.swift; path = ContentView.swift; sourceTree = "<group>"; };
		58AEEBA42ABEDBBF00F879AE /* Assets.xcassets */ = {isa = PBXFileReference; lastKnownFileType = folder.assetcatalog; path = Assets.xcassets; sourceTree = "<group>"; };
		58AEEBA72ABEDBBF00F879AE /* Preview Assets.xcassets */ = {isa = PBXFileReference; lastKnownFileType = folder.assetcatalog; path = "Preview Assets.xcassets"; sourceTree = "<group>"; };
		58BCBAAC2AC423740009FBC7 /* NavigationBar.swift */ = {isa = PBXFileReference; lastKnownFileType = sourcecode.swift; path = NavigationBar.swift; sourceTree = "<group>"; };
		58BE75872AC407C20009F128 /* HomeView.swift */ = {isa = PBXFileReference; lastKnownFileType = sourcecode.swift; path = HomeView.swift; sourceTree = "<group>"; };
		58BE758E2AC4205C0009F128 /* FeaturedItem.swift */ = {isa = PBXFileReference; lastKnownFileType = sourcecode.swift; path = FeaturedItem.swift; sourceTree = "<group>"; };
/* End PBXFileReference section */

/* Begin PBXFrameworksBuildPhase section */
		58AEEB9A2ABEDBBF00F879AE /* Frameworks */ = {
			isa = PBXFrameworksBuildPhase;
			buildActionMask = 2147483647;
			files = (
			);
			runOnlyForDeploymentPostprocessing = 0;
		};
/* End PBXFrameworksBuildPhase section */

/* Begin PBXGroup section */
		58AEEB942ABEDBBF00F879AE = {
			isa = PBXGroup;
			children = (
				58AEEB9F2ABEDBBF00F879AE /* WordsApp */,
				58AEEB9E2ABEDBBF00F879AE /* Products */,
			);
			sourceTree = "<group>";
		};
		58AEEB9E2ABEDBBF00F879AE /* Products */ = {
			isa = PBXGroup;
			children = (
				58AEEB9D2ABEDBBF00F879AE /* WordsApp.app */,
			);
			name = Products;
			sourceTree = "<group>";
		};
		58AEEB9F2ABEDBBF00F879AE /* WordsApp */ = {
			isa = PBXGroup;
			children = (
				58BE758D2AC41D870009F128 /* Styles */,
				58BE758C2AC41D680009F128 /* Model */,
				58BE758B2AC41D4D0009F128 /* Components */,
				58BE758A2AC41D220009F128 /* Views */,
				58BE75892AC41D010009F128 /* Navigation */,
				58AEEBA02ABEDBBF00F879AE /* WordsAppApp.swift */,
				58AEEBA42ABEDBBF00F879AE /* Assets.xcassets */,
				58AEEBA62ABEDBBF00F879AE /* Preview Content */,
			);
			path = WordsApp;
			sourceTree = "<group>";
		};
		58AEEBA62ABEDBBF00F879AE /* Preview Content */ = {
			isa = PBXGroup;
			children = (
				58AEEBA72ABEDBBF00F879AE /* Preview Assets.xcassets */,
			);
			path = "Preview Content";
			sourceTree = "<group>";
		};
		58BE75892AC41D010009F128 /* Navigation */ = {
			isa = PBXGroup;
			children = (
				586C96B72AC2B14D00701BEF /* TabBar.swift */,
				58AEEBA22ABEDBBF00F879AE /* ContentView.swift */,
				58BCBAAC2AC423740009FBC7 /* NavigationBar.swift */,
			);
			path = Navigation;
			sourceTree = "<group>";
		};
		58BE758A2AC41D220009F128 /* Views */ = {
			isa = PBXGroup;
			children = (
				585464222AC03A780004A6F4 /* AccountView.swift */,
				58BE75872AC407C20009F128 /* HomeView.swift */,
			);
			path = Views;
			sourceTree = "<group>";
		};
		58BE758B2AC41D4D0009F128 /* Components */ = {
			isa = PBXGroup;
			children = (
				586C96B32AC2940300701BEF /* HexagonView.swift */,
				586C96B52AC29B0E00701BEF /* BlobView.swift */,
				58BE758E2AC4205C0009F128 /* FeaturedItem.swift */,
			);
			path = Components;
			sourceTree = "<group>";
		};
		58BE758C2AC41D680009F128 /* Model */ = {
			isa = PBXGroup;
			children = (
				587FF79F2AC3E7D8003CDDB8 /* Tab.swift */,
			);
			path = Model;
			sourceTree = "<group>";
		};
		58BE758D2AC41D870009F128 /* Styles */ = {
			isa = PBXGroup;
			children = (
				585464202AC033DD0004A6F4 /* Styles.swift */,
			);
			path = Styles;
			sourceTree = "<group>";
		};
/* End PBXGroup section */

/* Begin PBXNativeTarget section */
		58AEEB9C2ABEDBBF00F879AE /* WordsApp */ = {
			isa = PBXNativeTarget;
			buildConfigurationList = 58AEEBAB2ABEDBBF00F879AE /* Build configuration list for PBXNativeTarget "WordsApp" */;
			buildPhases = (
				58AEEB992ABEDBBF00F879AE /* Sources */,
				58AEEB9A2ABEDBBF00F879AE /* Frameworks */,
				58AEEB9B2ABEDBBF00F879AE /* Resources */,
			);
			buildRules = (
			);
			dependencies = (
			);
			name = WordsApp;
			productName = WordsApp;
			productReference = 58AEEB9D2ABEDBBF00F879AE /* WordsApp.app */;
			productType = "com.apple.product-type.application";
		};
/* End PBXNativeTarget section */

/* Begin PBXProject section */
		58AEEB952ABEDBBF00F879AE /* Project object */ = {
			isa = PBXProject;
			attributes = {
				BuildIndependentTargetsInParallel = 1;
				LastSwiftUpdateCheck = 1420;
				LastUpgradeCheck = 1500;
				TargetAttributes = {
					58AEEB9C2ABEDBBF00F879AE = {
						CreatedOnToolsVersion = 14.2;
					};
				};
			};
			buildConfigurationList = 58AEEB982ABEDBBF00F879AE /* Build configuration list for PBXProject "WordsApp" */;
			compatibilityVersion = "Xcode 14.0";
			developmentRegion = en;
			hasScannedForEncodings = 0;
			knownRegions = (
				en,
				Base,
			);
			mainGroup = 58AEEB942ABEDBBF00F879AE;
			productRefGroup = 58AEEB9E2ABEDBBF00F879AE /* Products */;
			projectDirPath = "";
			projectRoot = "";
			targets = (
				58AEEB9C2ABEDBBF00F879AE /* WordsApp */,
			);
		};
/* End PBXProject section */

/* Begin PBXResourcesBuildPhase section */
		58AEEB9B2ABEDBBF00F879AE /* Resources */ = {
			isa = PBXResourcesBuildPhase;
			buildActionMask = 2147483647;
			files = (
				58AEEBA82ABEDBBF00F879AE /* Preview Assets.xcassets in Resources */,
				58AEEBA52ABEDBBF00F879AE /* Assets.xcassets in Resources */,
			);
			runOnlyForDeploymentPostprocessing = 0;
		};
/* End PBXResourcesBuildPhase section */

/* Begin PBXSourcesBuildPhase section */
		58AEEB992ABEDBBF00F879AE /* Sources */ = {
			isa = PBXSourcesBuildPhase;
			buildActionMask = 2147483647;
			files = (
				58BE75882AC407C20009F128 /* HomeView.swift in Sources */,
				585464232AC03A780004A6F4 /* AccountView.swift in Sources */,
				586C96B42AC2940300701BEF /* HexagonView.swift in Sources */,
				585464212AC033DD0004A6F4 /* Styles.swift in Sources */,
				587FF7A02AC3E7D8003CDDB8 /* Tab.swift in Sources */,
				58BCBAAD2AC423740009FBC7 /* NavigationBar.swift in Sources */,
				586C96B62AC29B0E00701BEF /* BlobView.swift in Sources */,
				58AEEBA32ABEDBBF00F879AE /* ContentView.swift in Sources */,
				58AEEBA12ABEDBBF00F879AE /* WordsAppApp.swift in Sources */,
				58BE758F2AC4205C0009F128 /* FeaturedItem.swift in Sources */,
				586C96B82AC2B14D00701BEF /* TabBar.swift in Sources */,
			);
			runOnlyForDeploymentPostprocessing = 0;
		};
/* End PBXSourcesBuildPhase section */

/* Begin XCBuildConfiguration section */
		58AEEBA92ABEDBBF00F879AE /* Debug */ = {
			isa = XCBuildConfiguration;
			buildSettings = {
				ALWAYS_SEARCH_USER_PATHS = NO;
				CLANG_ANALYZER_NONNULL = YES;
				CLANG_ANALYZER_NUMBER_OBJECT_CONVERSION = YES_AGGRESSIVE;
				CLANG_CXX_LANGUAGE_STANDARD = "gnu++20";
				CLANG_ENABLE_MODULES = YES;
				CLANG_ENABLE_OBJC_ARC = YES;
				CLANG_ENABLE_OBJC_WEAK = YES;
				CLANG_WARN_BLOCK_CAPTURE_AUTORELEASING = YES;
				CLANG_WARN_BOOL_CONVERSION = YES;
				CLANG_WARN_COMMA = YES;
				CLANG_WARN_CONSTANT_CONVERSION = YES;
				CLANG_WARN_DEPRECATED_OBJC_IMPLEMENTATIONS = YES;
				CLANG_WARN_DIRECT_OBJC_ISA_USAGE = YES_ERROR;
				CLANG_WARN_DOCUMENTATION_COMMENTS = YES;
				CLANG_WARN_EMPTY_BODY = YES;
				CLANG_WARN_ENUM_CONVERSION = YES;
				CLANG_WARN_INFINITE_RECURSION = YES;
				CLANG_WARN_INT_CONVERSION = YES;
				CLANG_WARN_NON_LITERAL_NULL_CONVERSION = YES;
				CLANG_WARN_OBJC_IMPLICIT_RETAIN_SELF = YES;
				CLANG_WARN_OBJC_LITERAL_CONVERSION = YES;
				CLANG_WARN_OBJC_ROOT_CLASS = YES_ERROR;
				CLANG_WARN_QUOTED_INCLUDE_IN_FRAMEWORK_HEADER = YES;
				CLANG_WARN_RANGE_LOOP_ANALYSIS = YES;
				CLANG_WARN_STRICT_PROTOTYPES = YES;
				CLANG_WARN_SUSPICIOUS_MOVE = YES;
				CLANG_WARN_UNGUARDED_AVAILABILITY = YES_AGGRESSIVE;
				CLANG_WARN_UNREACHABLE_CODE = YES;
				CLANG_WARN__DUPLICATE_METHOD_MATCH = YES;
				COPY_PHASE_STRIP = NO;
				DEBUG_INFORMATION_FORMAT = dwarf;
				ENABLE_STRICT_OBJC_MSGSEND = YES;
				ENABLE_TESTABILITY = YES;
				ENABLE_USER_SCRIPT_SANDBOXING = YES;
				GCC_C_LANGUAGE_STANDARD = gnu11;
				GCC_DYNAMIC_NO_PIC = NO;
				GCC_NO_COMMON_BLOCKS = YES;
				GCC_OPTIMIZATION_LEVEL = 0;
				GCC_PREPROCESSOR_DEFINITIONS = (
					"DEBUG=1",
					"$(inherited)",
				);
				GCC_WARN_64_TO_32_BIT_CONVERSION = YES;
				GCC_WARN_ABOUT_RETURN_TYPE = YES_ERROR;
				GCC_WARN_UNDECLARED_SELECTOR = YES;
				GCC_WARN_UNINITIALIZED_AUTOS = YES_AGGRESSIVE;
				GCC_WARN_UNUSED_FUNCTION = YES;
				GCC_WARN_UNUSED_VARIABLE = YES;
				IPHONEOS_DEPLOYMENT_TARGET = 16.2;
				MTL_ENABLE_DEBUG_INFO = INCLUDE_SOURCE;
				MTL_FAST_MATH = YES;
				ONLY_ACTIVE_ARCH = YES;
				SDKROOT = iphoneos;
				SWIFT_ACTIVE_COMPILATION_CONDITIONS = DEBUG;
				SWIFT_OPTIMIZATION_LEVEL = "-Onone";
			};
			name = Debug;
		};
		58AEEBAA2ABEDBBF00F879AE /* Release */ = {
			isa = XCBuildConfiguration;
			buildSettings = {
				ALWAYS_SEARCH_USER_PATHS = NO;
				CLANG_ANALYZER_NONNULL = YES;
				CLANG_ANALYZER_NUMBER_OBJECT_CONVERSION = YES_AGGRESSIVE;
				CLANG_CXX_LANGUAGE_STANDARD = "gnu++20";
				CLANG_ENABLE_MODULES = YES;
				CLANG_ENABLE_OBJC_ARC = YES;
				CLANG_ENABLE_OBJC_WEAK = YES;
				CLANG_WARN_BLOCK_CAPTURE_AUTORELEASING = YES;
				CLANG_WARN_BOOL_CONVERSION = YES;
				CLANG_WARN_COMMA = YES;
				CLANG_WARN_CONSTANT_CONVERSION = YES;
				CLANG_WARN_DEPRECATED_OBJC_IMPLEMENTATIONS = YES;
				CLANG_WARN_DIRECT_OBJC_ISA_USAGE = YES_ERROR;
				CLANG_WARN_DOCUMENTATION_COMMENTS = YES;
				CLANG_WARN_EMPTY_BODY = YES;
				CLANG_WARN_ENUM_CONVERSION = YES;
				CLANG_WARN_INFINITE_RECURSION = YES;
				CLANG_WARN_INT_CONVERSION = YES;
				CLANG_WARN_NON_LITERAL_NULL_CONVERSION = YES;
				CLANG_WARN_OBJC_IMPLICIT_RETAIN_SELF = YES;
				CLANG_WARN_OBJC_LITERAL_CONVERSION = YES;
				CLANG_WARN_OBJC_ROOT_CLASS = YES_ERROR;
				CLANG_WARN_QUOTED_INCLUDE_IN_FRAMEWORK_HEADER = YES;
				CLANG_WARN_RANGE_LOOP_ANALYSIS = YES;
				CLANG_WARN_STRICT_PROTOTYPES = YES;
				CLANG_WARN_SUSPICIOUS_MOVE = YES;
				CLANG_WARN_UNGUARDED_AVAILABILITY = YES_AGGRESSIVE;
				CLANG_WARN_UNREACHABLE_CODE = YES;
				CLANG_WARN__DUPLICATE_METHOD_MATCH = YES;
				COPY_PHASE_STRIP = NO;
				DEBUG_INFORMATION_FORMAT = "dwarf-with-dsym";
				ENABLE_NS_ASSERTIONS = NO;
				ENABLE_STRICT_OBJC_MSGSEND = YES;
				ENABLE_USER_SCRIPT_SANDBOXING = YES;
				GCC_C_LANGUAGE_STANDARD = gnu11;
				GCC_NO_COMMON_BLOCKS = YES;
				GCC_WARN_64_TO_32_BIT_CONVERSION = YES;
				GCC_WARN_ABOUT_RETURN_TYPE = YES_ERROR;
				GCC_WARN_UNDECLARED_SELECTOR = YES;
				GCC_WARN_UNINITIALIZED_AUTOS = YES_AGGRESSIVE;
				GCC_WARN_UNUSED_FUNCTION = YES;
				GCC_WARN_UNUSED_VARIABLE = YES;
				IPHONEOS_DEPLOYMENT_TARGET = 16.2;
				MTL_ENABLE_DEBUG_INFO = NO;
				MTL_FAST_MATH = YES;
				SDKROOT = iphoneos;
				SWIFT_COMPILATION_MODE = wholemodule;
				SWIFT_OPTIMIZATION_LEVEL = "-O";
				VALIDATE_PRODUCT = YES;
			};
			name = Release;
		};
		58AEEBAC2ABEDBBF00F879AE /* Debug */ = {
			isa = XCBuildConfiguration;
			buildSettings = {
				ASSETCATALOG_COMPILER_APPICON_NAME = AppIcon;
				ASSETCATALOG_COMPILER_GLOBAL_ACCENT_COLOR_NAME = AccentColor;
				CODE_SIGN_STYLE = Automatic;
				CURRENT_PROJECT_VERSION = 1;
				DEVELOPMENT_ASSET_PATHS = "\"WordsApp/Preview Content\"";
				DEVELOPMENT_TEAM = "";
				ENABLE_PREVIEWS = YES;
				GENERATE_INFOPLIST_FILE = YES;
				INFOPLIST_KEY_UIApplicationSceneManifest_Generation = YES;
				INFOPLIST_KEY_UIApplicationSupportsIndirectInputEvents = YES;
				INFOPLIST_KEY_UILaunchScreen_Generation = YES;
				INFOPLIST_KEY_UISupportedInterfaceOrientations_iPad = "UIInterfaceOrientationPortrait UIInterfaceOrientationPortraitUpsideDown UIInterfaceOrientationLandscapeLeft UIInterfaceOrientationLandscapeRight";
				INFOPLIST_KEY_UISupportedInterfaceOrientations_iPhone = "UIInterfaceOrientationPortrait UIInterfaceOrientationLandscapeLeft UIInterfaceOrientationLandscapeRight";
				LD_RUNPATH_SEARCH_PATHS = (
					"$(inherited)",
					"@executable_path/Frameworks",
				);
				MARKETING_VERSION = 1.0;
				PRODUCT_BUNDLE_IDENTIFIER = "Yerkebulan-Sharipov.WordsApp";
				PRODUCT_NAME = "$(TARGET_NAME)";
				SWIFT_EMIT_LOC_STRINGS = YES;
				SWIFT_VERSION = 5.0;
				TARGETED_DEVICE_FAMILY = "1,2";
			};
			name = Debug;
		};
		58AEEBAD2ABEDBBF00F879AE /* Release */ = {
			isa = XCBuildConfiguration;
			buildSettings = {
				ASSETCATALOG_COMPILER_APPICON_NAME = AppIcon;
				ASSETCATALOG_COMPILER_GLOBAL_ACCENT_COLOR_NAME = AccentColor;
				CODE_SIGN_STYLE = Automatic;
				CURRENT_PROJECT_VERSION = 1;
				DEVELOPMENT_ASSET_PATHS = "\"WordsApp/Preview Content\"";
				DEVELOPMENT_TEAM = "";
				ENABLE_PREVIEWS = YES;
				GENERATE_INFOPLIST_FILE = YES;
				INFOPLIST_KEY_UIApplicationSceneManifest_Generation = YES;
				INFOPLIST_KEY_UIApplicationSupportsIndirectInputEvents = YES;
				INFOPLIST_KEY_UILaunchScreen_Generation = YES;
				INFOPLIST_KEY_UISupportedInterfaceOrientations_iPad = "UIInterfaceOrientationPortrait UIInterfaceOrientationPortraitUpsideDown UIInterfaceOrientationLandscapeLeft UIInterfaceOrientationLandscapeRight";
				INFOPLIST_KEY_UISupportedInterfaceOrientations_iPhone = "UIInterfaceOrientationPortrait UIInterfaceOrientationLandscapeLeft UIInterfaceOrientationLandscapeRight";
				LD_RUNPATH_SEARCH_PATHS = (
					"$(inherited)",
					"@executable_path/Frameworks",
				);
				MARKETING_VERSION = 1.0;
				PRODUCT_BUNDLE_IDENTIFIER = "Yerkebulan-Sharipov.WordsApp";
				PRODUCT_NAME = "$(TARGET_NAME)";
				SWIFT_EMIT_LOC_STRINGS = YES;
				SWIFT_VERSION = 5.0;
				TARGETED_DEVICE_FAMILY = "1,2";
			};
			name = Release;
		};
/* End XCBuildConfiguration section */

/* Begin XCConfigurationList section */
		58AEEB982ABEDBBF00F879AE /* Build configuration list for PBXProject "WordsApp" */ = {
			isa = XCConfigurationList;
			buildConfigurations = (
				58AEEBA92ABEDBBF00F879AE /* Debug */,
				58AEEBAA2ABEDBBF00F879AE /* Release */,
			);
			defaultConfigurationIsVisible = 0;
			defaultConfigurationName = Release;
		};
		58AEEBAB2ABEDBBF00F879AE /* Build configuration list for PBXNativeTarget "WordsApp" */ = {
			isa = XCConfigurationList;
			buildConfigurations = (
				58AEEBAC2ABEDBBF00F879AE /* Debug */,
				58AEEBAD2ABEDBBF00F879AE /* Release */,
			);
			defaultConfigurationIsVisible = 0;
			defaultConfigurationName = Release;
		};
/* End XCConfigurationList section */
	};
	rootObject = 58AEEB952ABEDBBF00F879AE /* Project object */;
}
